<?xml version="1.0" encoding="utf-8"?>
<Project ToolsVersion="4.0" xmlns="http://schemas.microsoft.com/developer/msbuild/2003">
  <ItemGroup>
    <Filter Include="Camera">
      <UniqueIdentifier>{0903e2ed-a8b6-4135-99d6-b2aa11f3b675}</UniqueIdentifier>
    </Filter>
    <Filter Include="Context">
      <UniqueIdentifier>{49d6b94f-81d9-41e4-85c7-96abe5a80321}</UniqueIdentifier>
    </Filter>
    <Filter Include="Debug">
      <UniqueIdentifier>{1ec04672-4998-4809-8a1f-c8d8341f0bf3}</UniqueIdentifier>
    </Filter>
    <Filter Include="Material">
      <UniqueIdentifier>{9c07c196-760e-4978-9dd3-c2028f8fb07c}</UniqueIdentifier>
    </Filter>
    <Filter Include="Renderer">
      <UniqueIdentifier>{2ac03736-0ea6-46bb-89bc-f3e56e37e452}</UniqueIdentifier>
    </Filter>
    <Filter Include="Texture">
      <UniqueIdentifier>{a3baba43-9257-4cc2-9105-68c1d5b39c02}</UniqueIdentifier>
    </Filter>
    <Filter Include="Effect">
      <UniqueIdentifier>{a4233511-279a-4505-b32e-967b53dd1cc8}</UniqueIdentifier>
    </Filter>
    <Filter Include="Light">
      <UniqueIdentifier>{cbf936dc-86ac-4d24-8b3d-df5ea0aaaa29}</UniqueIdentifier>
    </Filter>
    <Filter Include="Renderable">
      <UniqueIdentifier>{392e1a9e-1a9d-4b79-aa9d-425a7fb1d20d}</UniqueIdentifier>
    </Filter>
    <Filter Include="Mesh">
      <UniqueIdentifier>{2ed9f5ff-a653-44ab-b55b-ca92fc656898}</UniqueIdentifier>
    </Filter>
    <Filter Include="Scene">
      <UniqueIdentifier>{e3e1ef91-2d26-4dd8-8610-9fc48e95c60c}</UniqueIdentifier>
    </Filter>
    <Filter Include="Cinematic">
      <UniqueIdentifier>{9f36ac37-457a-4873-a2ff-0885a2e0097f}</UniqueIdentifier>
    </Filter>
    <Filter Include="Particles">
      <UniqueIdentifier>{061a0bb3-4f2e-4ce7-a2a3-97208de56490}</UniqueIdentifier>
    </Filter>
    <Filter Include="CinematicsAction">
      <UniqueIdentifier>{4b39dac3-15c1-4c01-8256-ca8fa68f6f82}</UniqueIdentifier>
    </Filter>
    <Filter Include="Animation">
      <UniqueIdentifier>{04abb94a-7fad-4083-a7b7-f4edae1ab932}</UniqueIdentifier>
    </Filter>
    <Filter Include="Cinematic\Camera">
      <UniqueIdentifier>{de445a68-1996-424a-93fc-9c1272387134}</UniqueIdentifier>
    </Filter>
  </ItemGroup>
  <ItemGroup>
    <ClInclude Include="Camera\Camera.h">
      <Filter>Camera</Filter>
    </ClInclude>
    <ClInclude Include="Camera\CameraController.h">
      <Filter>Camera</Filter>
    </ClInclude>
    <ClInclude Include="Camera\FPSCameraController.h">
      <Filter>Camera</Filter>
    </ClInclude>
    <ClInclude Include="Camera\Frustum.h">
      <Filter>Camera</Filter>
    </ClInclude>
    <ClInclude Include="Camera\SphericalCameraController.h">
      <Filter>Camera</Filter>
    </ClInclude>
    <ClInclude Include="Context\ContextManager.h">
      <Filter>Context</Filter>
    </ClInclude>
    <ClInclude Include="Debug\DebugRender.h">
      <Filter>Debug</Filter>
    </ClInclude>
    <ClInclude Include="Material\Material.h">
      <Filter>Material</Filter>
    </ClInclude>
    <ClInclude Include="Material\MaterialManager.h">
      <Filter>Material</Filter>
    </ClInclude>
    <ClInclude Include="Texture\Texture.h">
      <Filter>Texture</Filter>
    </ClInclude>
    <ClInclude Include="graphics.h" />
    <ClInclude Include="Effect\EffectParameters.h">
      <Filter>Effect</Filter>
    </ClInclude>
    <ClInclude Include="Effect\EffectPixelShader.h">
      <Filter>Effect</Filter>
    </ClInclude>
    <ClInclude Include="Effect\EffectShader.h">
      <Filter>Effect</Filter>
    </ClInclude>
    <ClInclude Include="Effect\EffectTechnique.h">
      <Filter>Effect</Filter>
    </ClInclude>
    <ClInclude Include="Effect\EffectVertexShader.h">
      <Filter>Effect</Filter>
    </ClInclude>
    <ClInclude Include="Effect\EffectManager.h">
      <Filter>Effect</Filter>
    </ClInclude>
    <ClInclude Include="Texture\TextureManager.h">
      <Filter>Texture</Filter>
    </ClInclude>
    <ClInclude Include="Light\Light.h">
      <Filter>Light</Filter>
    </ClInclude>
    <ClInclude Include="Light\LightManager.h">
      <Filter>Light</Filter>
    </ClInclude>
    <ClInclude Include="Renderer\3DElement.h">
      <Filter>Renderer</Filter>
    </ClInclude>
    <ClInclude Include="Mesh\StaticMesh.h">
      <Filter>Mesh</Filter>
    </ClInclude>
    <ClInclude Include="Mesh\StaticMeshManager.h">
      <Filter>Mesh</Filter>
    </ClInclude>
    <ClInclude Include="Renderable\PoolRenderableObjectTechnique.h">
      <Filter>Renderable</Filter>
    </ClInclude>
    <ClInclude Include="Texture\CaptureFrameBufferTexture.h">
      <Filter>Texture</Filter>
    </ClInclude>
    <ClInclude Include="Texture\DynamicTexture.h">
      <Filter>Texture</Filter>
    </ClInclude>
    <ClInclude Include="Renderable\RenderableObjectTechnique.h">
      <Filter>Renderable</Filter>
    </ClInclude>
    <ClInclude Include="Renderable\RenderableObjectTechniqueManager.h">
      <Filter>Renderable</Filter>
    </ClInclude>
    <ClInclude Include="Cinematics\CinematicPlayer.h">
      <Filter>Cinematic</Filter>
    </ClInclude>
    <ClInclude Include="Cinematics\Cinematic.h">
      <Filter>Cinematic</Filter>
    </ClInclude>
    <ClInclude Include="Cinematics\CinematicObject.h">
      <Filter>Cinematic</Filter>
    </ClInclude>
    <ClInclude Include="Cinematics\CinematicObjectKeyframe.h">
      <Filter>Cinematic</Filter>
    </ClInclude>
    <ClInclude Include="Light\LightEffectParameters.h">
      <Filter>Light</Filter>
    </ClInclude>
    <ClInclude Include="Material\MaterialParameter.h">
      <Filter>Material</Filter>
    </ClInclude>
    <ClInclude Include="Camera\CameraManager.h">
      <Filter>Camera</Filter>
    </ClInclude>
    <ClInclude Include="Camera\CameraInfo.h">
      <Filter>Camera</Filter>
    </ClInclude>
    <ClInclude Include="Scene\ApplyFiltersSceneRendererCommand.h">
      <Filter>Scene</Filter>
    </ClInclude>
    <ClInclude Include="Scene\CaptureFrameBufferSceneRendererCommand.h">
      <Filter>Scene</Filter>
    </ClInclude>
    <ClInclude Include="Scene\ClearSceneRendererCommand.h">
      <Filter>Scene</Filter>
    </ClInclude>
    <ClInclude Include="Scene\DeferredShadingSceneRendererCommand.h">
      <Filter>Scene</Filter>
    </ClInclude>
    <ClInclude Include="Scene\DisableAlphaBlendSceneRendererCommand.h">
      <Filter>Scene</Filter>
    </ClInclude>
    <ClInclude Include="Scene\DrawQuadSceneRendererCommand.h">
      <Filter>Scene</Filter>
    </ClInclude>
    <ClInclude Include="Scene\EnableAlphaBlendSceneRendererCommand.h">
      <Filter>Scene</Filter>
    </ClInclude>
    <ClInclude Include="Scene\GenerateShadowMapsSceneRendererCommand.h">
      <Filter>Scene</Filter>
    </ClInclude>
    <ClInclude Include="Scene\PresentSceneRendererCommand.h">
      <Filter>Scene</Filter>
    </ClInclude>
    <ClInclude Include="Scene\RenderDebugGridSceneRendererCommand.h">
      <Filter>Scene</Filter>
    </ClInclude>
    <ClInclude Include="Scene\RenderDebugGUISceneRendererCommand.h">
      <Filter>Scene</Filter>
    </ClInclude>
    <ClInclude Include="Scene\RenderDebugLayerSceneRendererCommand.h">
      <Filter>Scene</Filter>
    </ClInclude>
    <ClInclude Include="Scene\RenderDebugLightsSceneRendererCommand.h">
      <Filter>Scene</Filter>
    </ClInclude>
    <ClInclude Include="Scene\RenderDebugShadowMapsSceneRendererCommand.h">
      <Filter>Scene</Filter>
    </ClInclude>
    <ClInclude Include="Scene\RenderGUISceneRendererCommand.h">
      <Filter>Scene</Filter>
    </ClInclude>
    <ClInclude Include="Scene\RenderLayerSceneRendererCommand.h">
      <Filter>Scene</Filter>
    </ClInclude>
    <ClInclude Include="Scene\SceneRendererCommand.h">
      <Filter>Scene</Filter>
    </ClInclude>
    <ClInclude Include="Scene\SceneRendererCommandManager.h">
      <Filter>Scene</Filter>
    </ClInclude>
    <ClInclude Include="Scene\SetDepthStencilStateSceneRendererCommand.h">
      <Filter>Scene</Filter>
    </ClInclude>
    <ClInclude Include="Scene\SetMatricesSceneRendererCommand.h">
      <Filter>Scene</Filter>
    </ClInclude>
    <ClInclude Include="Scene\SetPoolRenderableObjectsTechniqueSceneRendererCommand.h">
      <Filter>Scene</Filter>
    </ClInclude>
    <ClInclude Include="Scene\SetRenderTargetSceneRendererCommand.h">
      <Filter>Scene</Filter>
    </ClInclude>
    <ClInclude Include="Scene\StagedTexturedSceneRendererCommand.h">
      <Filter>Scene</Filter>
    </ClInclude>
    <ClInclude Include="Scene\UnsetRenderTargetSceneRendererCommand.h">
      <Filter>Scene</Filter>
    </ClInclude>
    <ClInclude Include="Camera\YawPitchCameraController.h">
      <Filter>Camera</Filter>
    </ClInclude>
    <ClInclude Include="Mesh\CookedMeshmanager.h">
      <Filter>Mesh</Filter>
    </ClInclude>
    <ClInclude Include="Effect\EffectGeometryShader.h">
      <Filter>Effect</Filter>
    </ClInclude>
    <ClInclude Include="Particles\ParticleSystemManager.h">
      <Filter>Particles</Filter>
    </ClInclude>
    <ClInclude Include="Particles\ParticleSystemInstance.h">
      <Filter>Particles</Filter>
    </ClInclude>
    <ClInclude Include="CinematicsAction\CinematicsActionManager.h">
      <Filter>CinematicsAction</Filter>
    </ClInclude>
    <ClInclude Include="Cinematics\CinematicManager.h">
      <Filter>Cinematic</Filter>
    </ClInclude>
    <ClInclude Include="Mesh\VertexTypes.h">
      <Filter>Mesh</Filter>
    </ClInclude>
    <ClInclude Include="Mesh\RenderableVertexs.h">
      <Filter>Mesh</Filter>
    </ClInclude>
    <ClInclude Include="Renderer\Renderer.h">
      <Filter>Renderer</Filter>
    </ClInclude>
    <ClInclude Include="Mesh\Mesh.h">
      <Filter>Mesh</Filter>
    </ClInclude>
    <ClInclude Include="Mesh\StaticMeshLoader.h">
      <Filter>Mesh</Filter>
    </ClInclude>
    <ClInclude Include="Animation\AnimatedMesh.h">
      <Filter>Animation</Filter>
    </ClInclude>
    <ClInclude Include="Renderable\Renderable.h">
      <Filter>Renderable</Filter>
    </ClInclude>
    <ClInclude Include="Animation\AnimatedMeshManager.h">
      <Filter>Animation</Filter>
    </ClInclude>
    <ClInclude Include="Animation\AnimatedMeshInstance.h">
      <Filter>Animation</Filter>
    </ClInclude>
    <ClInclude Include="Cinematics\CameraKey.h">
      <Filter>Cinematic\Camera</Filter>
    </ClInclude>
    <ClInclude Include="Cinematics\CameraKeyController.h">
      <Filter>Cinematic\Camera</Filter>
    </ClInclude>
    <ClInclude Include="Camera\FreeCameraController.h">
      <Filter>Camera</Filter>
    </ClInclude>
  </ItemGroup>
  <ItemGroup>
    <ClCompile Include="Camera\CameraController.cpp">
      <Filter>Camera</Filter>
    </ClCompile>
    <ClCompile Include="Camera\FPSCameraController.cpp">
      <Filter>Camera</Filter>
    </ClCompile>
    <ClCompile Include="Camera\Frustum.cpp">
      <Filter>Camera</Filter>
    </ClCompile>
    <ClCompile Include="Camera\SphericalCameraController.cpp">
      <Filter>Camera</Filter>
    </ClCompile>
    <ClCompile Include="Context\ContextManager.cpp">
      <Filter>Context</Filter>
    </ClCompile>
    <ClCompile Include="Debug\DebugRender.cpp">
      <Filter>Debug</Filter>
    </ClCompile>
    <ClCompile Include="Material\MaterialManager.cpp">
      <Filter>Material</Filter>
    </ClCompile>
    <ClCompile Include="Texture\Texture.cpp">
      <Filter>Texture</Filter>
    </ClCompile>
    <ClCompile Include="graphics.cpp" />
    <ClCompile Include="Material\Material.cpp">
      <Filter>Material</Filter>
    </ClCompile>
    <ClCompile Include="Effect\EffectPixelShader.cpp">
      <Filter>Effect</Filter>
    </ClCompile>
    <ClCompile Include="Effect\EffectShader.cpp">
      <Filter>Effect</Filter>
    </ClCompile>
    <ClCompile Include="Effect\EffectTechnique.cpp">
      <Filter>Effect</Filter>
    </ClCompile>
    <ClCompile Include="Effect\EffectVertexShader.cpp">
      <Filter>Effect</Filter>
    </ClCompile>
    <ClCompile Include="Effect\EffectManager.cpp">
      <Filter>Effect</Filter>
    </ClCompile>
    <ClCompile Include="Texture\TextureManager.cpp">
      <Filter>Texture</Filter>
    </ClCompile>
    <ClCompile Include="Light\Light.cpp">
      <Filter>Light</Filter>
    </ClCompile>
    <ClCompile Include="Light\LightManager.cpp">
      <Filter>Light</Filter>
    </ClCompile>
    <ClCompile Include="Renderer\3DElement.cpp">
      <Filter>Renderer</Filter>
    </ClCompile>
    <ClCompile Include="Mesh\StaticMesh.cpp">
      <Filter>Mesh</Filter>
    </ClCompile>
    <ClCompile Include="Mesh\StaticMeshManager.cpp">
      <Filter>Mesh</Filter>
    </ClCompile>
    <ClCompile Include="Cinematics\CinematicPlayer.cpp">
      <Filter>Cinematic</Filter>
    </ClCompile>
    <ClCompile Include="Cinematics\Cinematic.cpp">
      <Filter>Cinematic</Filter>
    </ClCompile>
    <ClCompile Include="Cinematics\CinematicObject.cpp">
      <Filter>Cinematic</Filter>
    </ClCompile>
    <ClCompile Include="Cinematics\CinematicObjectKeyframe.cpp">
      <Filter>Cinematic</Filter>
    </ClCompile>
    <ClCompile Include="Texture\CaptureFrameBufferTexture.cpp">
      <Filter>Texture</Filter>
    </ClCompile>
    <ClCompile Include="Texture\DynamicTexture.cpp">
      <Filter>Texture</Filter>
    </ClCompile>
    <ClCompile Include="Renderable\PoolRenderableObjectTechnique.cpp">
      <Filter>Renderable</Filter>
    </ClCompile>
    <ClCompile Include="Renderable\RenderableObjectTechniqueManager.cpp">
      <Filter>Renderable</Filter>
    </ClCompile>
    <ClCompile Include="Renderable\RenderableObjectTechnique.cpp">
      <Filter>Renderable</Filter>
    </ClCompile>
    <ClCompile Include="Camera\CameraManager.cpp">
      <Filter>Camera</Filter>
    </ClCompile>
    <ClCompile Include="Camera\CameraInfo.cpp">
      <Filter>Camera</Filter>
    </ClCompile>
    <ClCompile Include="Scene\ApplyFiltersSceneRendererCommand.cpp">
      <Filter>Scene</Filter>
    </ClCompile>
    <ClCompile Include="Scene\CaptureFrameBufferSceneRendererCommand.cpp">
      <Filter>Scene</Filter>
    </ClCompile>
    <ClCompile Include="Scene\ClearSceneRendererCommand.cpp">
      <Filter>Scene</Filter>
    </ClCompile>
    <ClCompile Include="Scene\DeferredShadingSceneRendererCommand.cpp">
      <Filter>Scene</Filter>
    </ClCompile>
    <ClCompile Include="Scene\DisableAlphaBlendSceneRendererCommand.cpp">
      <Filter>Scene</Filter>
    </ClCompile>
    <ClCompile Include="Scene\DrawQuadSceneRendererCommand.cpp">
      <Filter>Scene</Filter>
    </ClCompile>
    <ClCompile Include="Scene\EnableAlphaBlendSceneRendererCommand.cpp">
      <Filter>Scene</Filter>
    </ClCompile>
    <ClCompile Include="Scene\GenerateShadowMapsSceneRendererCommand.cpp">
      <Filter>Scene</Filter>
    </ClCompile>
    <ClCompile Include="Scene\PresentSceneRendererCommand.cpp">
      <Filter>Scene</Filter>
    </ClCompile>
    <ClCompile Include="Scene\RenderDebugGridSceneRendererCommand.cpp">
      <Filter>Scene</Filter>
    </ClCompile>
    <ClCompile Include="Scene\RenderDebugGUISceneRendererCommand.cpp">
      <Filter>Scene</Filter>
    </ClCompile>
    <ClCompile Include="Scene\RenderDebugLayerSceneRendererCommand.cpp">
      <Filter>Scene</Filter>
    </ClCompile>
    <ClCompile Include="Scene\RenderDebugLightsSceneRendererCommand.cpp">
      <Filter>Scene</Filter>
    </ClCompile>
    <ClCompile Include="Scene\RenderDebugShadowMapsSceneRendererCommand.cpp">
      <Filter>Scene</Filter>
    </ClCompile>
    <ClCompile Include="Scene\RenderGUISceneRendererCommand.cpp">
      <Filter>Scene</Filter>
    </ClCompile>
    <ClCompile Include="Scene\RenderLayerSceneRendererCommand.cpp">
      <Filter>Scene</Filter>
    </ClCompile>
    <ClCompile Include="Scene\SceneRendererCommand.cpp">
      <Filter>Scene</Filter>
    </ClCompile>
    <ClCompile Include="Scene\SceneRendererCommandManager.cpp">
      <Filter>Scene</Filter>
    </ClCompile>
    <ClCompile Include="Scene\SetDepthStencilStateSceneRendererCommand.cpp">
      <Filter>Scene</Filter>
    </ClCompile>
    <ClCompile Include="Scene\SetMatricesSceneRendererCommand.cpp">
      <Filter>Scene</Filter>
    </ClCompile>
    <ClCompile Include="Scene\SetPoolRenderableObjectsTechniqueSceneRendererCommand.cpp">
      <Filter>Scene</Filter>
    </ClCompile>
    <ClCompile Include="Scene\SetRenderTargetSceneRendererCommand.cpp">
      <Filter>Scene</Filter>
    </ClCompile>
    <ClCompile Include="Scene\StagedTexturedSceneRendererCommand.cpp">
      <Filter>Scene</Filter>
    </ClCompile>
    <ClCompile Include="Scene\UnsetRenderTargetSceneRendererCommand.cpp">
      <Filter>Scene</Filter>
    </ClCompile>
    <ClCompile Include="Camera\YawPitchCameraController.cpp">
      <Filter>Camera</Filter>
    </ClCompile>
    <ClCompile Include="Material\MaterialParameter.cpp">
      <Filter>Material</Filter>
    </ClCompile>
    <ClCompile Include="Mesh\CookedMeshManager.cpp">
      <Filter>Mesh</Filter>
    </ClCompile>
    <ClCompile Include="Effect\EffectGeometryShader.cpp">
      <Filter>Effect</Filter>
    </ClCompile>
    <ClCompile Include="Particles\ParticleSystemManager.cpp">
      <Filter>Particles</Filter>
    </ClCompile>
    <ClCompile Include="Particles\ParticleSystemInstance.cpp">
      <Filter>Particles</Filter>
    </ClCompile>
    <ClCompile Include="CinematicsAction\CinematicsActionManager.cpp">
      <Filter>CinematicsAction</Filter>
    </ClCompile>
    <ClCompile Include="Cinematics\CinematicManager.cpp">
      <Filter>Cinematic</Filter>
    </ClCompile>
    <ClCompile Include="Renderer\Renderer.cpp">
      <Filter>Renderer</Filter>
    </ClCompile>
    <ClCompile Include="Mesh\Mesh.cpp">
      <Filter>Mesh</Filter>
    </ClCompile>
    <ClCompile Include="Mesh\StaticMeshLoader.cpp">
      <Filter>Mesh</Filter>
    </ClCompile>
    <ClCompile Include="Animation\AnimatedMesh.cpp">
      <Filter>Animation</Filter>
    </ClCompile>
    <ClCompile Include="Animation\AnimatedMeshManager.cpp">
      <Filter>Animation</Filter>
    </ClCompile>
    <ClCompile Include="Animation\AnimatedMeshInstance.cpp">
      <Filter>Animation</Filter>
    </ClCompile>
    <ClCompile Include="Cinematics\CameraKey.cpp">
      <Filter>Cinematic\Camera</Filter>
    </ClCompile>
    <ClCompile Include="Cinematics\CameraKeyController.cpp">
      <Filter>Cinematic\Camera</Filter>
    </ClCompile>
    <ClCompile Include="Camera\FreeCameraController.cpp">
      <Filter>Camera</Filter>
    </ClCompile>
  </ItemGroup>
</Project>