<?xml version="1.0" encoding="utf-8"?>
<Project ToolsVersion="4.0" xmlns="http://schemas.microsoft.com/developer/msbuild/2003">
  <ItemGroup>
    <ClCompile Include="Enemies\BossEnemy.cpp">
      <Filter>Enemies</Filter>
    </ClCompile>
    <ClCompile Include="Enemies\EnemyManager.cpp">
      <Filter>Enemies</Filter>
    </ClCompile>
    <ClCompile Include="Enemies\FixedEnemy.cpp">
      <Filter>Enemies</Filter>
    </ClCompile>
    <ClCompile Include="Enemies\PatrolEnemy.cpp">
      <Filter>Enemies</Filter>
    </ClCompile>
    <ClCompile Include="Input\InputManager.cpp">
      <Filter>Input</Filter>
    </ClCompile>
    <ClCompile Include="Input\InputManagerImplementation.cpp">
      <Filter>Input</Filter>
    </ClCompile>
    <ClCompile Include="Debug\DebugHelper.cpp">
      <Filter>Debug</Filter>
    </ClCompile>
    <ClCompile Include="Debug\DebugHelperImplementation.cpp">
      <Filter>Debug</Filter>
    </ClCompile>
    <ClCompile Include="Engine\Engine.cpp">
      <Filter>Engine</Filter>
    </ClCompile>
    <ClCompile Include="IA\IAInstance.cpp">
      <Filter>IA</Filter>
    </ClCompile>
    <ClCompile Include="IA\IAManager.cpp">
      <Filter>IA</Filter>
    </ClCompile>
    <ClCompile Include="CharacterController\CharacterControllerInstance.cpp">
      <Filter>CharacterController</Filter>
    </ClCompile>
    <ClCompile Include="CharacterController\CharacterControllerManager.cpp">
      <Filter>CharacterController</Filter>
    </ClCompile>
    <ClCompile Include="Component\ComponentManager.cpp">
      <Filter>Component</Filter>
    </ClCompile>
    <ClCompile Include="Component\ScriptedComponent.cpp">
      <Filter>Component</Filter>
    </ClCompile>
  </ItemGroup>
  <ItemGroup>
    <Filter Include="Enemies">
      <UniqueIdentifier>{1035ea42-8c16-46dc-8baa-61e7392652e2}</UniqueIdentifier>
    </Filter>
    <Filter Include="Input">
      <UniqueIdentifier>{4896dac9-232f-4c36-b07d-5ddfbec11a90}</UniqueIdentifier>
    </Filter>
    <Filter Include="Debug">
      <UniqueIdentifier>{7f1fd47f-6a96-489e-b403-28f0da294660}</UniqueIdentifier>
    </Filter>
    <Filter Include="Engine">
      <UniqueIdentifier>{55c8f47a-5678-4955-a640-097052f5e424}</UniqueIdentifier>
    </Filter>
    <Filter Include="IA">
      <UniqueIdentifier>{9771c5ca-a1ea-42db-a224-ca3baf886b2c}</UniqueIdentifier>
    </Filter>
    <Filter Include="CharacterController">
      <UniqueIdentifier>{2c9727a0-43aa-4f62-acc0-03476b68ec42}</UniqueIdentifier>
    </Filter>
    <Filter Include="Time">
      <UniqueIdentifier>{8270adc5-4da3-4b07-bf39-5e0dec98d80a}</UniqueIdentifier>
    </Filter>
    <Filter Include="Component">
      <UniqueIdentifier>{43e42ad3-3873-43a7-8eca-cc8531863f51}</UniqueIdentifier>
    </Filter>
  </ItemGroup>
  <ItemGroup>
    <ClInclude Include="Enemies\BossEnemy.h">
      <Filter>Enemies</Filter>
    </ClInclude>
    <ClInclude Include="Enemies\Enemy.h">
      <Filter>Enemies</Filter>
    </ClInclude>
    <ClInclude Include="Enemies\EnemyManager.h">
      <Filter>Enemies</Filter>
    </ClInclude>
    <ClInclude Include="Enemies\FixedEnemy.h">
      <Filter>Enemies</Filter>
    </ClInclude>
    <ClInclude Include="Enemies\PatrolEnemy.h">
      <Filter>Enemies</Filter>
    </ClInclude>
    <ClInclude Include="Input\InputManager.h">
      <Filter>Input</Filter>
    </ClInclude>
    <ClInclude Include="Input\InputManagerImplementation.h">
      <Filter>Input</Filter>
    </ClInclude>
    <ClInclude Include="Debug\DebugHelper.h">
      <Filter>Debug</Filter>
    </ClInclude>
    <ClInclude Include="Debug\DebugHelperImplementation.h">
      <Filter>Debug</Filter>
    </ClInclude>
    <ClInclude Include="Engine\Engine.h">
      <Filter>Engine</Filter>
    </ClInclude>
    <ClInclude Include="IA\IAInstance.h">
      <Filter>IA</Filter>
    </ClInclude>
    <ClInclude Include="IA\IAManager.h">
      <Filter>IA</Filter>
    </ClInclude>
    <ClInclude Include="CharacterController\CharacterControllerInstance.h">
      <Filter>CharacterController</Filter>
    </ClInclude>
    <ClInclude Include="CharacterController\CharacterControllerManager.h">
      <Filter>CharacterController</Filter>
    </ClInclude>
    <ClInclude Include="TimeManager.h">
      <Filter>Time</Filter>
    </ClInclude>
    <ClInclude Include="Component\ComponentManager.h">
      <Filter>Component</Filter>
    </ClInclude>
    <ClInclude Include="Component.h">
      <Filter>Component</Filter>
    </ClInclude>
    <ClInclude Include="ScriptedComponent.h">
      <Filter>Component</Filter>
    </ClInclude>
  </ItemGroup>
</Project>