<?xml version="1.0" encoding="utf-8"?>
<Project ToolsVersion="4.0" xmlns="http://schemas.microsoft.com/developer/msbuild/2003">
  <ItemGroup>
    <ClCompile Include="Input\InputManager.cpp">
      <Filter>Input</Filter>
    </ClCompile>
    <ClCompile Include="Input\InputManagerImplementation.cpp">
      <Filter>Input</Filter>
    </ClCompile>
    <ClCompile Include="Debug\DebugHelper.cpp">
      <Filter>Debug</Filter>
    </ClCompile>
    <ClCompile Include="Debug\DebugHelperImplementation.cpp">
      <Filter>Debug</Filter>
    </ClCompile>
    <ClCompile Include="Engine\Engine.cpp">
      <Filter>Engine</Filter>
    </ClCompile>
    <ClCompile Include="Debug\DebugPerf.cpp">
      <Filter>Debug</Filter>
    </ClCompile>
    <ClCompile Include="Component\ComponentManager.cpp">
      <Filter>Component</Filter>
    </ClCompile>
    <ClCompile Include="Component\ScriptedComponent.cpp">
      <Filter>Component</Filter>
    </ClCompile>
    <ClCompile Include="Component\CharControllerComponent.cpp">
      <Filter>Component</Filter>
    </ClCompile>
    <ClCompile Include="Component\Component.cpp">
      <Filter>Component</Filter>
    </ClCompile>
    <ClCompile Include="Component\FPSCameraComponent.cpp">
      <Filter>Component</Filter>
    </ClCompile>
    <ClCompile Include="Component\PhysxComponent.cpp">
      <Filter>Component</Filter>
    </ClCompile>
    <ClCompile Include="Component\TriggerComponent.cpp">
      <Filter>Component</Filter>
    </ClCompile>
    <ClCompile Include="Scene\Scene.cpp">
      <Filter>Scene</Filter>
    </ClCompile>
    <ClCompile Include="Scene\SceneManager.cpp">
      <Filter>Scene</Filter>
    </ClCompile>
    <ClCompile Include="Scene\Element.cpp">
      <Filter>Scene</Filter>
    </ClCompile>
    <ClCompile Include="Component\AnimatedInstanceComponent.cpp">
      <Filter>Component</Filter>
    </ClCompile>
    <ClCompile Include="Component\MeshInstanceComponent.cpp">
      <Filter>Component</Filter>
    </ClCompile>
    <ClCompile Include="Component\ParticleEmitterComponent.cpp">
      <Filter>Component</Filter>
    </ClCompile>
    <ClCompile Include="Component\SpeakerComponent.cpp">
      <Filter>Component</Filter>
    </ClCompile>
    <ClCompile Include="Component\CinematicComponent.cpp">
      <Filter>Component</Filter>
    </ClCompile>
    <ClCompile Include="Component\SpawnComponent.cpp">
      <Filter>Component</Filter>
    </ClCompile>
  </ItemGroup>
  <ItemGroup>
    <Filter Include="Input">
      <UniqueIdentifier>{4896dac9-232f-4c36-b07d-5ddfbec11a90}</UniqueIdentifier>
    </Filter>
    <Filter Include="Debug">
      <UniqueIdentifier>{7f1fd47f-6a96-489e-b403-28f0da294660}</UniqueIdentifier>
    </Filter>
    <Filter Include="Engine">
      <UniqueIdentifier>{55c8f47a-5678-4955-a640-097052f5e424}</UniqueIdentifier>
    </Filter>
    <Filter Include="Time">
      <UniqueIdentifier>{8270adc5-4da3-4b07-bf39-5e0dec98d80a}</UniqueIdentifier>
    </Filter>
    <Filter Include="Component">
      <UniqueIdentifier>{43e42ad3-3873-43a7-8eca-cc8531863f51}</UniqueIdentifier>
    </Filter>
    <Filter Include="Scene">
      <UniqueIdentifier>{29af88a6-96a6-4b8a-bccb-bf65468cf9a2}</UniqueIdentifier>
    </Filter>
  </ItemGroup>
  <ItemGroup>
    <ClInclude Include="Input\InputManager.h">
      <Filter>Input</Filter>
    </ClInclude>
    <ClInclude Include="Input\InputManagerImplementation.h">
      <Filter>Input</Filter>
    </ClInclude>
    <ClInclude Include="Debug\DebugHelper.h">
      <Filter>Debug</Filter>
    </ClInclude>
    <ClInclude Include="Debug\DebugHelperImplementation.h">
      <Filter>Debug</Filter>
    </ClInclude>
    <ClInclude Include="Engine\Engine.h">
      <Filter>Engine</Filter>
    </ClInclude>
    <ClInclude Include="Debug\DebugPerf.h">
      <Filter>Debug</Filter>
    </ClInclude>
    <ClInclude Include="Component\ComponentManager.h">
      <Filter>Component</Filter>
    </ClInclude>
    <ClInclude Include="Component\Component.h">
      <Filter>Component</Filter>
    </ClInclude>
    <ClInclude Include="Component\ScriptedComponent.h">
      <Filter>Component</Filter>
    </ClInclude>
    <ClInclude Include="Component\CharControllerComponent.h">
      <Filter>Component</Filter>
    </ClInclude>
    <ClInclude Include="Time\TimeManager.h">
      <Filter>Time</Filter>
    </ClInclude>
    <ClInclude Include="Component\FPSCameraComponent.h">
      <Filter>Component</Filter>
    </ClInclude>
    <ClInclude Include="Component\PhysxComponent.h">
      <Filter>Component</Filter>
    </ClInclude>
    <ClInclude Include="Component\TriggerComponent.h">
      <Filter>Component</Filter>
    </ClInclude>
    <ClInclude Include="Scene\Scene.h">
      <Filter>Scene</Filter>
    </ClInclude>
    <ClInclude Include="Scene\SceneManager.h">
      <Filter>Scene</Filter>
    </ClInclude>
    <ClInclude Include="Scene\Element.h">
      <Filter>Scene</Filter>
    </ClInclude>
    <ClInclude Include="Component\ParticleEmitterComponent.h">
      <Filter>Component</Filter>
    </ClInclude>
    <ClInclude Include="Component\AnimatedInstanceComponent.h">
      <Filter>Component</Filter>
    </ClInclude>
    <ClInclude Include="Component\MeshInstanceComponent.h">
      <Filter>Component</Filter>
    </ClInclude>
    <ClInclude Include="Component\SpeakerComponent.h">
      <Filter>Component</Filter>
    </ClInclude>
    <ClInclude Include="Component\CinematicComponent.h">
      <Filter>Component</Filter>
    </ClInclude>
    <ClInclude Include="Component\SpawnComponent.h">
      <Filter>Component</Filter>
    </ClInclude>
  </ItemGroup>
</Project>